
Microsoft Visual Studio Solution File, Format Version 12.00
# Visual Studio Version 16
VisualStudioVersion = 16.0.32407.337
MinimumVisualStudioVersion = 10.0.40219.1
Project("{FAE04EC0-301F-11D3-BF4B-00C04F79EFBC}") = "Vehicles", "Vehicles\Vehicles.csproj", "{D25FF383-A34F-4755-AB22-F8F5ED48E469}"
EndProject
Global
	GlobalSection(SolutionConfigurationPlatforms) = preSolution
		Debug|Any CPU = Debug|Any CPU
		Release|Any CPU = Release|Any CPU
	EndGlobalSection
	GlobalSection(ProjectConfigurationPlatforms) = postSolution
		{D25FF383-A34F-4755-AB22-F8F5ED48E469}.Debug|Any CPU.ActiveCfg = Debug|Any CPU
		{D25FF383-A34F-4755-AB22-F8F5ED48E469}.Debug|Any CPU.Build.0 = Debug|Any CPU
		{D25FF383-A34F-4755-AB22-F8F5ED48E469}.Release|Any CPU.ActiveCfg = Release|Any CPU
		{D25FF383-A34F-4755-AB22-F8F5ED48E469}.Release|Any CPU.Build.0 = Release|Any CPU
	EndGlobalSection
	GlobalSection(SolutionProperties) = preSolution
		HideSolutionNode = FALSE
	EndGlobalSection
	GlobalSection(ExtensibilityGlobals) = postSolution
		SolutionGuid = {A87B0688-BC58-4F6A-906C-89A54518EDB3}
	EndGlobalSection
EndGlobal
